// !$*UTF8*$!
{
	archiveVersion = 1;
	classes = {
	};
	objectVersion = 77;
	objects = {

/* Begin PBXBuildFile section */
		A3AA08222C90AB5B0093EF53 /* FirebaseAnalytics in Frameworks */ = {isa = PBXBuildFile; productRef = A3AA08212C90AB5B0093EF53 /* FirebaseAnalytics */; };
		A3AA08242C90AB5B0093EF53 /* FirebaseAuth in Frameworks */ = {isa = PBXBuildFile; productRef = A3AA08232C90AB5B0093EF53 /* FirebaseAuth */; };
		A3AA08262C90AB5B0093EF53 /* FirebaseCrashlytics in Frameworks */ = {isa = PBXBuildFile; productRef = A3AA08252C90AB5B0093EF53 /* FirebaseCrashlytics */; };
		A3AEF7A62F649FDD006719B7 /* FirebaseFirestore in Frameworks */ = {isa = PBXBuildFile; productRef = A3AEF7A52F649FDD006719B7 /* FirebaseFirestore */; };
/* End PBXBuildFile section */

/* Begin PBXContainerItemProxy section */
		A3AA07FB2C90A6DF0093EF53 /* PBXContainerItemProxy */ = {
			isa = PBXContainerItemProxy;
			containerPortal = A3AA07DF2C90A6DD0093EF53 /* Project object */;
			proxyType = 1;
			remoteGlobalIDString = A3AA07E62C90A6DD0093EF53;
			remoteInfo = "Treachery-iOS";
		};
		A3AA08052C90A6DF0093EF53 /* PBXContainerItemProxy */ = {
			isa = PBXContainerItemProxy;
			containerPortal = A3AA07DF2C90A6DD0093EF53 /* Project object */;
			proxyType = 1;
			remoteGlobalIDString = A3AA07E62C90A6DD0093EF53;
			remoteInfo = "Treachery-iOS";
		};
/* End PBXContainerItemProxy section */

/* Begin PBXFileReference section */
		A3AA07E72C90A6DD0093EF53 /* Treachery-iOS.app */ = {isa = PBXFileReference; explicitFileType = wrapper.application; includeInIndex = 0; path = "Treachery-iOS.app"; sourceTree = BUILT_PRODUCTS_DIR; };
		A3AA07FA2C90A6DF0093EF53 /* Treachery-iOSTests.xctest */ = {isa = PBXFileReference; explicitFileType = wrapper.cfbundle; includeInIndex = 0; path = "Treachery-iOSTests.xctest"; sourceTree = BUILT_PRODUCTS_DIR; };
		A3AA08042C90A6DF0093EF53 /* Treachery-iOSUITests.xctest */ = {isa = PBXFileReference; explicitFileType = wrapper.cfbundle; includeInIndex = 0; path = "Treachery-iOSUITests.xctest"; sourceTree = BUILT_PRODUCTS_DIR; };
/* End PBXFileReference section */

/* Begin PBXFileSystemSynchronizedBuildFileExceptionSet section */
		A3AEF8202F64B5D1006719B7 /* Exceptions for "Treachery-iOS" folder in "Treachery-iOS" target */ = {
			isa = PBXFileSystemSynchronizedBuildFileExceptionSet;
			membershipExceptions = (
				Info.plist,
			);
			target = A3AA07E62C90A6DD0093EF53 /* Treachery-iOS */;
		};
/* End PBXFileSystemSynchronizedBuildFileExceptionSet section */

/* Begin PBXFileSystemSynchronizedRootGroup section */
		A3AA07E92C90A6DD0093EF53 /* Treachery-iOS */ = {
			isa = PBXFileSystemSynchronizedRootGroup;
			exceptions = (
				A3AEF8202F64B5D1006719B7 /* Exceptions for "Treachery-iOS" folder in "Treachery-iOS" target */,
			);
			path = "Treachery-iOS";
			sourceTree = "<group>";
		};
		A3AA07FD2C90A6DF0093EF53 /* Treachery-iOSTests */ = {
			isa = PBXFileSystemSynchronizedRootGroup;
			path = "Treachery-iOSTests";
			sourceTree = "<group>";
		};
		A3AA08072C90A6DF0093EF53 /* Treachery-iOSUITests */ = {
			isa = PBXFileSystemSynchronizedRootGroup;
			path = "Treachery-iOSUITests";
			sourceTree = "<group>";
		};
/* End PBXFileSystemSynchronizedRootGroup section */

/* Begin PBXFrameworksBuildPhase section */
		A3AA07E42C90A6DD0093EF53 /* Frameworks */ = {
			isa = PBXFrameworksBuildPhase;
			buildActionMask = 2147483647;
			files = (
				A3AA08262C90AB5B0093EF53 /* FirebaseCrashlytics in Frameworks */,
				A3AEF7A62F649FDD006719B7 /* FirebaseFirestore in Frameworks */,
				A3AA08222C90AB5B0093EF53 /* FirebaseAnalytics in Frameworks */,
				A3AA08242C90AB5B0093EF53 /* FirebaseAuth in Frameworks */,
			);
			runOnlyForDeploymentPostprocessing = 0;
		};
		A3AA07F72C90A6DF0093EF53 /* Frameworks */ = {
			isa = PBXFrameworksBuildPhase;
			buildActionMask = 2147483647;
			files = (
			);
			runOnlyForDeploymentPostprocessing = 0;
		};
		A3AA08012C90A6DF0093EF53 /* Frameworks */ = {
			isa = PBXFrameworksBuildPhase;
			buildActionMask = 2147483647;
			files = (
			);
			runOnlyForDeploymentPostprocessing = 0;
		};
/* End PBXFrameworksBuildPhase section */

/* Begin PBXGroup section */
		A3AA07DE2C90A6DD0093EF53 = {
			isa = PBXGroup;
			children = (
				A3AA07E92C90A6DD0093EF53 /* Treachery-iOS */,
				A3AA07FD2C90A6DF0093EF53 /* Treachery-iOSTests */,
				A3AA08072C90A6DF0093EF53 /* Treachery-iOSUITests */,
				A3AEF7A42F649FC9006719B7 /* Frameworks */,
				A3AA07E82C90A6DD0093EF53 /* Products */,
			);
			sourceTree = "<group>";
		};
		A3AA07E82C90A6DD0093EF53 /* Products */ = {
			isa = PBXGroup;
			children = (
				A3AA07E72C90A6DD0093EF53 /* Treachery-iOS.app */,
				A3AA07FA2C90A6DF0093EF53 /* Treachery-iOSTests.xctest */,
				A3AA08042C90A6DF0093EF53 /* Treachery-iOSUITests.xctest */,
			);
			name = Products;
			sourceTree = "<group>";
		};
		A3AEF7A42F649FC9006719B7 /* Frameworks */ = {
			isa = PBXGroup;
			children = (
			);
			name = Frameworks;
			sourceTree = "<group>";
		};
/* End PBXGroup section */

/* Begin PBXNativeTarget section */
		A3AA07E62C90A6DD0093EF53 /* Treachery-iOS */ = {
			isa = PBXNativeTarget;
			buildConfigurationList = A3AA080E2C90A6DF0093EF53 /* Build configuration list for PBXNativeTarget "Treachery-iOS" */;
			buildPhases = (
				A3AA07E32C90A6DD0093EF53 /* Sources */,
				A3AA07E42C90A6DD0093EF53 /* Frameworks */,
				A3AA07E52C90A6DD0093EF53 /* Resources */,
			);
			buildRules = (
			);
			dependencies = (
			);
			fileSystemSynchronizedGroups = (
				A3AA07E92C90A6DD0093EF53 /* Treachery-iOS */,
			);
			name = "Treachery-iOS";
			packageProductDependencies = (
				A3AA08212C90AB5B0093EF53 /* FirebaseAnalytics */,
				A3AA08232C90AB5B0093EF53 /* FirebaseAuth */,
				A3AA08252C90AB5B0093EF53 /* FirebaseCrashlytics */,
				A3AEF7A52F649FDD006719B7 /* FirebaseFirestore */,
			);
			productName = "Treachery-iOS";
			productReference = A3AA07E72C90A6DD0093EF53 /* Treachery-iOS.app */;
			productType = "com.apple.product-type.application";
		};
		A3AA07F92C90A6DF0093EF53 /* Treachery-iOSTests */ = {
			isa = PBXNativeTarget;
			buildConfigurationList = A3AA08112C90A6DF0093EF53 /* Build configuration list for PBXNativeTarget "Treachery-iOSTests" */;
			buildPhases = (
				A3AA07F62C90A6DF0093EF53 /* Sources */,
				A3AA07F72C90A6DF0093EF53 /* Frameworks */,
				A3AA07F82C90A6DF0093EF53 /* Resources */,
			);
			buildRules = (
			);
			dependencies = (
				A3AA07FC2C90A6DF0093EF53 /* PBXTargetDependency */,
			);
			fileSystemSynchronizedGroups = (
				A3AA07FD2C90A6DF0093EF53 /* Treachery-iOSTests */,
			);
			name = "Treachery-iOSTests";
			packageProductDependencies = (
			);
			productName = "Treachery-iOSTests";
			productReference = A3AA07FA2C90A6DF0093EF53 /* Treachery-iOSTests.xctest */;
			productType = "com.apple.product-type.bundle.unit-test";
		};
		A3AA08032C90A6DF0093EF53 /* Treachery-iOSUITests */ = {
			isa = PBXNativeTarget;
			buildConfigurationList = A3AA08142C90A6DF0093EF53 /* Build configuration list for PBXNativeTarget "Treachery-iOSUITests" */;
			buildPhases = (
				A3AA08002C90A6DF0093EF53 /* Sources */,
				A3AA08012C90A6DF0093EF53 /* Frameworks */,
				A3AA08022C90A6DF0093EF53 /* Resources */,
			);
			buildRules = (
			);
			dependencies = (
				A3AA08062C90A6DF0093EF53 /* PBXTargetDependency */,
			);
			fileSystemSynchronizedGroups = (
				A3AA08072C90A6DF0093EF53 /* Treachery-iOSUITests */,
			);
			name = "Treachery-iOSUITests";
			packageProductDependencies = (
			);
			productName = "Treachery-iOSUITests";
			productReference = A3AA08042C90A6DF0093EF53 /* Treachery-iOSUITests.xctest */;
			productType = "com.apple.product-type.bundle.ui-testing";
		};
/* End PBXNativeTarget section */

/* Begin PBXProject section */
		A3AA07DF2C90A6DD0093EF53 /* Project object */ = {
			isa = PBXProject;
			attributes = {
				BuildIndependentTargetsInParallel = 1;
				LastSwiftUpdateCheck = 1600;
				LastUpgradeCheck = 1600;
				TargetAttributes = {
					A3AA07E62C90A6DD0093EF53 = {
						CreatedOnToolsVersion = 16.0;
					};
					A3AA07F92C90A6DF0093EF53 = {
						CreatedOnToolsVersion = 16.0;
						TestTargetID = A3AA07E62C90A6DD0093EF53;
					};
					A3AA08032C90A6DF0093EF53 = {
						CreatedOnToolsVersion = 16.0;
						TestTargetID = A3AA07E62C90A6DD0093EF53;
					};
				};
			};
			buildConfigurationList = A3AA07E22C90A6DD0093EF53 /* Build configuration list for PBXProject "Treachery-iOS" */;
			developmentRegion = en;
			hasScannedForEncodings = 0;
			knownRegions = (
				en,
				Base,
			);
			mainGroup = A3AA07DE2C90A6DD0093EF53;
			minimizedProjectReferenceProxies = 1;
			packageReferences = (
				A3AA08192C90A9300093EF53 /* XCRemoteSwiftPackageReference "firebase-ios-sdk" */,
			);
			preferredProjectObjectVersion = 77;
			productRefGroup = A3AA07E82C90A6DD0093EF53 /* Products */;
			projectDirPath = "";
			projectRoot = "";
			targets = (
				A3AA07E62C90A6DD0093EF53 /* Treachery-iOS */,
				A3AA07F92C90A6DF0093EF53 /* Treachery-iOSTests */,
				A3AA08032C90A6DF0093EF53 /* Treachery-iOSUITests */,
			);
		};
/* End PBXProject section */

/* Begin PBXResourcesBuildPhase section */
		A3AA07E52C90A6DD0093EF53 /* Resources */ = {
			isa = PBXResourcesBuildPhase;
			buildActionMask = 2147483647;
			files = (
			);
			runOnlyForDeploymentPostprocessing = 0;
		};
		A3AA07F82C90A6DF0093EF53 /* Resources */ = {
			isa = PBXResourcesBuildPhase;
			buildActionMask = 2147483647;
			files = (
			);
			runOnlyForDeploymentPostprocessing = 0;
		};
		A3AA08022C90A6DF0093EF53 /* Resources */ = {
			isa = PBXResourcesBuildPhase;
			buildActionMask = 2147483647;
			files = (
			);
			runOnlyForDeploymentPostprocessing = 0;
		};
/* End PBXResourcesBuildPhase section */

/* Begin PBXSourcesBuildPhase section */
		A3AA07E32C90A6DD0093EF53 /* Sources */ = {
			isa = PBXSourcesBuildPhase;
			buildActionMask = 2147483647;
			files = (
			);
			runOnlyForDeploymentPostprocessing = 0;
		};
		A3AA07F62C90A6DF0093EF53 /* Sources */ = {
			isa = PBXSourcesBuildPhase;
			buildActionMask = 2147483647;
			files = (
			);
			runOnlyForDeploymentPostprocessing = 0;
		};
		A3AA08002C90A6DF0093EF53 /* Sources */ = {
			isa = PBXSourcesBuildPhase;
			buildActionMask = 2147483647;
			files = (
			);
			runOnlyForDeploymentPostprocessing = 0;
		};
/* End PBXSourcesBuildPhase section */

/* Begin PBXTargetDependency section */
		A3AA07FC2C90A6DF0093EF53 /* PBXTargetDependency */ = {
			isa = PBXTargetDependency;
			target = A3AA07E62C90A6DD0093EF53 /* Treachery-iOS */;
			targetProxy = A3AA07FB2C90A6DF0093EF53 /* PBXContainerItemProxy */;
		};
		A3AA08062C90A6DF0093EF53 /* PBXTargetDependency */ = {
			isa = PBXTargetDependency;
			target = A3AA07E62C90A6DD0093EF53 /* Treachery-iOS */;
			targetProxy = A3AA08052C90A6DF0093EF53 /* PBXContainerItemProxy */;
		};
/* End PBXTargetDependency section */

/* Begin XCBuildConfiguration section */
		A3AA080C2C90A6DF0093EF53 /* Debug */ = {
			isa = XCBuildConfiguration;
			buildSettings = {
				ALWAYS_SEARCH_USER_PATHS = NO;
				ASSETCATALOG_COMPILER_GENERATE_SWIFT_ASSET_SYMBOL_EXTENSIONS = YES;
				CLANG_ANALYZER_NONNULL = YES;
				CLANG_ANALYZER_NUMBER_OBJECT_CONVERSION = YES_AGGRESSIVE;
				CLANG_CXX_LANGUAGE_STANDARD = "gnu++20";
				CLANG_ENABLE_MODULES = YES;
				CLANG_ENABLE_OBJC_ARC = YES;
				CLANG_ENABLE_OBJC_WEAK = YES;
				CLANG_WARN_BLOCK_CAPTURE_AUTORELEASING = YES;
				CLANG_WARN_BOOL_CONVERSION = YES;
				CLANG_WARN_COMMA = YES;
				CLANG_WARN_CONSTANT_CONVERSION = YES;
				CLANG_WARN_DEPRECATED_OBJC_IMPLEMENTATIONS = YES;
				CLANG_WARN_DIRECT_OBJC_ISA_USAGE = YES_ERROR;
				CLANG_WARN_DOCUMENTATION_COMMENTS = YES;
				CLANG_WARN_EMPTY_BODY = YES;
				CLANG_WARN_ENUM_CONVERSION = YES;
				CLANG_WARN_INFINITE_RECURSION = YES;
				CLANG_WARN_INT_CONVERSION = YES;
				CLANG_WARN_NON_LITERAL_NULL_CONVERSION = YES;
				CLANG_WARN_OBJC_IMPLICIT_RETAIN_SELF = YES;
				CLANG_WARN_OBJC_LITERAL_CONVERSION = YES;
				CLANG_WARN_OBJC_ROOT_CLASS = YES_ERROR;
				CLANG_WARN_QUOTED_INCLUDE_IN_FRAMEWORK_HEADER = YES;
				CLANG_WARN_RANGE_LOOP_ANALYSIS = YES;
				CLANG_WARN_STRICT_PROTOTYPES = YES;
				CLANG_WARN_SUSPICIOUS_MOVE = YES;
				CLANG_WARN_UNGUARDED_AVAILABILITY = YES_AGGRESSIVE;
				CLANG_WARN_UNREACHABLE_CODE = YES;
				CLANG_WARN__DUPLICATE_METHOD_MATCH = YES;
				COPY_PHASE_STRIP = NO;
				DEBUG_INFORMATION_FORMAT = dwarf;
				ENABLE_STRICT_OBJC_MSGSEND = YES;
				ENABLE_TESTABILITY = YES;
				ENABLE_USER_SCRIPT_SANDBOXING = YES;
				GCC_C_LANGUAGE_STANDARD = gnu17;
				GCC_DYNAMIC_NO_PIC = NO;
				GCC_NO_COMMON_BLOCKS = YES;
				GCC_OPTIMIZATION_LEVEL = 0;
				GCC_PREPROCESSOR_DEFINITIONS = (
					"DEBUG=1",
					"$(inherited)",
				);
				GCC_WARN_64_TO_32_BIT_CONVERSION = YES;
				GCC_WARN_ABOUT_RETURN_TYPE = YES_ERROR;
				GCC_WARN_UNDECLARED_SELECTOR = YES;
				GCC_WARN_UNINITIALIZED_AUTOS = YES_AGGRESSIVE;
				GCC_WARN_UNUSED_FUNCTION = YES;
				GCC_WARN_UNUSED_VARIABLE = YES;
				LOCALIZATION_PREFERS_STRING_CATALOGS = YES;
				MTL_ENABLE_DEBUG_INFO = INCLUDE_SOURCE;
				MTL_FAST_MATH = YES;
				ONLY_ACTIVE_ARCH = YES;
				SWIFT_ACTIVE_COMPILATION_CONDITIONS = "DEBUG $(inherited)";
				SWIFT_OPTIMIZATION_LEVEL = "-Onone";
			};
			name = Debug;
		};
		A3AA080D2C90A6DF0093EF53 /* Release */ = {
			isa = XCBuildConfiguration;
			buildSettings = {
				ALWAYS_SEARCH_USER_PATHS = NO;
				ASSETCATALOG_COMPILER_GENERATE_SWIFT_ASSET_SYMBOL_EXTENSIONS = YES;
				CLANG_ANALYZER_NONNULL = YES;
				CLANG_ANALYZER_NUMBER_OBJECT_CONVERSION = YES_AGGRESSIVE;
				CLANG_CXX_LANGUAGE_STANDARD = "gnu++20";
				CLANG_ENABLE_MODULES = YES;
				CLANG_ENABLE_OBJC_ARC = YES;
				CLANG_ENABLE_OBJC_WEAK = YES;
				CLANG_WARN_BLOCK_CAPTURE_AUTORELEASING = YES;
				CLANG_WARN_BOOL_CONVERSION = YES;
				CLANG_WARN_COMMA = YES;
				CLANG_WARN_CONSTANT_CONVERSION = YES;
				CLANG_WARN_DEPRECATED_OBJC_IMPLEMENTATIONS = YES;
				CLANG_WARN_DIRECT_OBJC_ISA_USAGE = YES_ERROR;
				CLANG_WARN_DOCUMENTATION_COMMENTS = YES;
				CLANG_WARN_EMPTY_BODY = YES;
				CLANG_WARN_ENUM_CONVERSION = YES;
				CLANG_WARN_INFINITE_RECURSION = YES;
				CLANG_WARN_INT_CONVERSION = YES;
				CLANG_WARN_NON_LITERAL_NULL_CONVERSION = YES;
				CLANG_WARN_OBJC_IMPLICIT_RETAIN_SELF = YES;
				CLANG_WARN_OBJC_LITERAL_CONVERSION = YES;
				CLANG_WARN_OBJC_ROOT_CLASS = YES_ERROR;
				CLANG_WARN_QUOTED_INCLUDE_IN_FRAMEWORK_HEADER = YES;
				CLANG_WARN_RANGE_LOOP_ANALYSIS = YES;
				CLANG_WARN_STRICT_PROTOTYPES = YES;
				CLANG_WARN_SUSPICIOUS_MOVE = YES;
				CLANG_WARN_UNGUARDED_AVAILABILITY = YES_AGGRESSIVE;
				CLANG_WARN_UNREACHABLE_CODE = YES;
				CLANG_WARN__DUPLICATE_METHOD_MATCH = YES;
				COPY_PHASE_STRIP = NO;
				DEBUG_INFORMATION_FORMAT = "dwarf-with-dsym";
				ENABLE_NS_ASSERTIONS = NO;
				ENABLE_STRICT_OBJC_MSGSEND = YES;
				ENABLE_USER_SCRIPT_SANDBOXING = YES;
				GCC_C_LANGUAGE_STANDARD = gnu17;
				GCC_NO_COMMON_BLOCKS = YES;
				GCC_WARN_64_TO_32_BIT_CONVERSION = YES;
				GCC_WARN_ABOUT_RETURN_TYPE = YES_ERROR;
				GCC_WARN_UNDECLARED_SELECTOR = YES;
				GCC_WARN_UNINITIALIZED_AUTOS = YES_AGGRESSIVE;
				GCC_WARN_UNUSED_FUNCTION = YES;
				GCC_WARN_UNUSED_VARIABLE = YES;
				LOCALIZATION_PREFERS_STRING_CATALOGS = YES;
				MTL_ENABLE_DEBUG_INFO = NO;
				MTL_FAST_MATH = YES;
				SWIFT_COMPILATION_MODE = wholemodule;
			};
			name = Release;
		};
		A3AA080F2C90A6DF0093EF53 /* Debug */ = {
			isa = XCBuildConfiguration;
			buildSettings = {
				ASSETCATALOG_COMPILER_APPICON_NAME = AppIcon;
				ASSETCATALOG_COMPILER_GLOBAL_ACCENT_COLOR_NAME = AccentColor;
				CODE_SIGN_ENTITLEMENTS = "Treachery-iOS/Treachery_iOS.entitlements";
				CODE_SIGN_IDENTITY = "Apple Development";
				CODE_SIGN_STYLE = Automatic;
				CURRENT_PROJECT_VERSION = 1;
				DEVELOPMENT_ASSET_PATHS = "\"Treachery-iOS/Preview Content\"";
				DEVELOPMENT_TEAM = 6TK8Q4KD6G;
				ENABLE_HARDENED_RUNTIME = YES;
				ENABLE_PREVIEWS = YES;
				GENERATE_INFOPLIST_FILE = YES;
				INFOPLIST_FILE = "Treachery-iOS/Info.plist";
				INFOPLIST_KEY_CFBundleDisplayName = Treachery;
				INFOPLIST_KEY_LSApplicationCategoryType = "public.app-category.utilities";
				"INFOPLIST_KEY_UIApplicationSceneManifest_Generation[sdk=iphoneos*]" = YES;
				"INFOPLIST_KEY_UIApplicationSceneManifest_Generation[sdk=iphonesimulator*]" = YES;
				"INFOPLIST_KEY_UIApplicationSupportsIndirectInputEvents[sdk=iphoneos*]" = YES;
				"INFOPLIST_KEY_UIApplicationSupportsIndirectInputEvents[sdk=iphonesimulator*]" = YES;
				"INFOPLIST_KEY_UILaunchScreen_Generation[sdk=iphoneos*]" = YES;
				"INFOPLIST_KEY_UILaunchScreen_Generation[sdk=iphonesimulator*]" = YES;
				INFOPLIST_KEY_UIStatusBarStyle = "";
				"INFOPLIST_KEY_UIStatusBarStyle[sdk=iphoneos*]" = UIStatusBarStyleDefault;
				"INFOPLIST_KEY_UIStatusBarStyle[sdk=iphonesimulator*]" = UIStatusBarStyleDefault;
				INFOPLIST_KEY_UISupportedInterfaceOrientations = UIInterfaceOrientationPortrait;
				IPHONEOS_DEPLOYMENT_TARGET = 18.0;
				LD_RUNPATH_SEARCH_PATHS = "@executable_path/Frameworks";
				"LD_RUNPATH_SEARCH_PATHS[sdk=macosx*]" = "@executable_path/../Frameworks";
				MACOSX_DEPLOYMENT_TARGET = 14.0;
				MARKETING_VERSION = 1.0;
				PRODUCT_BUNDLE_IDENTIFIER = "PaintedLabs.Treachery-iOS";
				"PRODUCT_BUNDLE_IDENTIFIER[sdk=iphoneos*]" = "com.PaintedLabs.Treachery-iOS";
				PRODUCT_NAME = "$(TARGET_NAME)";
				PROVISIONING_PROFILE_SPECIFIER = "";
				SDKROOT = auto;
				SUPPORTED_PLATFORMS = "iphoneos iphonesimulator macosx";
				SUPPORTS_MACCATALYST = NO;
				SWIFT_EMIT_LOC_STRINGS = YES;
				SWIFT_VERSION = 5.0;
				TARGETED_DEVICE_FAMILY = "1,2";
				XROS_DEPLOYMENT_TARGET = 2.0;
			};
			name = Debug;
		};
		A3AA08102C90A6DF0093EF53 /* Release */ = {
			isa = XCBuildConfiguration;
			buildSettings = {
				ASSETCATALOG_COMPILER_APPICON_NAME = AppIcon;
				ASSETCATALOG_COMPILER_GLOBAL_ACCENT_COLOR_NAME = AccentColor;
				CODE_SIGN_ENTITLEMENTS = "Treachery-iOS/Treachery_iOS.entitlements";
				CODE_SIGN_IDENTITY = "Apple Development";
				CODE_SIGN_STYLE = Automatic;
				CURRENT_PROJECT_VERSION = 1;
				DEVELOPMENT_ASSET_PATHS = "\"Treachery-iOS/Preview Content\"";
				DEVELOPMENT_TEAM = 6TK8Q4KD6G;
				ENABLE_HARDENED_RUNTIME = YES;
				ENABLE_PREVIEWS = YES;
				GENERATE_INFOPLIST_FILE = YES;
				INFOPLIST_FILE = "Treachery-iOS/Info.plist";
				INFOPLIST_KEY_CFBundleDisplayName = Treachery;
				INFOPLIST_KEY_LSApplicationCategoryType = "public.app-category.utilities";
				"INFOPLIST_KEY_UIApplicationSceneManifest_Generation[sdk=iphoneos*]" = YES;
				"INFOPLIST_KEY_UIApplicationSceneManifest_Generation[sdk=iphonesimulator*]" = YES;
				"INFOPLIST_KEY_UIApplicationSupportsIndirectInputEvents[sdk=iphoneos*]" = YES;
				"INFOPLIST_KEY_UIApplicationSupportsIndirectInputEvents[sdk=iphonesimulator*]" = YES;
				"INFOPLIST_KEY_UILaunchScreen_Generation[sdk=iphoneos*]" = YES;
				"INFOPLIST_KEY_UILaunchScreen_Generation[sdk=iphonesimulator*]" = YES;
				INFOPLIST_KEY_UIStatusBarStyle = "";
				"INFOPLIST_KEY_UIStatusBarStyle[sdk=iphoneos*]" = UIStatusBarStyleDefault;
				"INFOPLIST_KEY_UIStatusBarStyle[sdk=iphonesimulator*]" = UIStatusBarStyleDefault;
				INFOPLIST_KEY_UISupportedInterfaceOrientations = UIInterfaceOrientationPortrait;
				IPHONEOS_DEPLOYMENT_TARGET = 18.0;
				LD_RUNPATH_SEARCH_PATHS = "@executable_path/Frameworks";
				"LD_RUNPATH_SEARCH_PATHS[sdk=macosx*]" = "@executable_path/../Frameworks";
				MACOSX_DEPLOYMENT_TARGET = 14.0;
				MARKETING_VERSION = 1.0;
				PRODUCT_BUNDLE_IDENTIFIER = "PaintedLabs.Treachery-iOS";
				"PRODUCT_BUNDLE_IDENTIFIER[sdk=iphoneos*]" = "com.PaintedLabs.Treachery-iOS";
				PRODUCT_NAME = "$(TARGET_NAME)";
				PROVISIONING_PROFILE_SPECIFIER = "";
				SDKROOT = auto;
				SUPPORTED_PLATFORMS = "iphoneos iphonesimulator macosx";
				SUPPORTS_MACCATALYST = NO;
				SWIFT_EMIT_LOC_STRINGS = YES;
				SWIFT_VERSION = 5.0;
				TARGETED_DEVICE_FAMILY = "1,2";
				XROS_DEPLOYMENT_TARGET = 2.0;
			};
			name = Release;
		};
		A3AA08122C90A6DF0093EF53 /* Debug */ = {
			isa = XCBuildConfiguration;
			buildSettings = {
				BUNDLE_LOADER = "$(TEST_HOST)";
				CODE_SIGN_STYLE = Automatic;
				CURRENT_PROJECT_VERSION = 1;
				DEVELOPMENT_TEAM = 6TK8Q4KD6G;
				GENERATE_INFOPLIST_FILE = YES;
				IPHONEOS_DEPLOYMENT_TARGET = 18.0;
				MACOSX_DEPLOYMENT_TARGET = 15.0;
				MARKETING_VERSION = 1.0;
				PRODUCT_BUNDLE_IDENTIFIER = "PaintedLabs.Treachery-iOSTests";
				PRODUCT_NAME = "$(TARGET_NAME)";
				SDKROOT = auto;
				SUPPORTED_PLATFORMS = "iphoneos iphonesimulator macosx xros xrsimulator";
				SWIFT_EMIT_LOC_STRINGS = NO;
				SWIFT_VERSION = 5.0;
				TARGETED_DEVICE_FAMILY = "1,2,7";
				TEST_HOST = "$(BUILT_PRODUCTS_DIR)/Treachery-iOS.app/$(BUNDLE_EXECUTABLE_FOLDER_PATH)/Treachery-iOS";
				XROS_DEPLOYMENT_TARGET = 2.0;
			};
			name = Debug;
		};
		A3AA08132C90A6DF0093EF53 /* Release */ = {
			isa = XCBuildConfiguration;
			buildSettings = {
				BUNDLE_LOADER = "$(TEST_HOST)";
				CODE_SIGN_STYLE = Automatic;
				CURRENT_PROJECT_VERSION = 1;
				DEVELOPMENT_TEAM = 6TK8Q4KD6G;
				GENERATE_INFOPLIST_FILE = YES;
				IPHONEOS_DEPLOYMENT_TARGET = 18.0;
				MACOSX_DEPLOYMENT_TARGET = 15.0;
				MARKETING_VERSION = 1.0;
				PRODUCT_BUNDLE_IDENTIFIER = "PaintedLabs.Treachery-iOSTests";
				PRODUCT_NAME = "$(TARGET_NAME)";
				SDKROOT = auto;
				SUPPORTED_PLATFORMS = "iphoneos iphonesimulator macosx xros xrsimulator";
				SWIFT_EMIT_LOC_STRINGS = NO;
				SWIFT_VERSION = 5.0;
				TARGETED_DEVICE_FAMILY = "1,2,7";
				TEST_HOST = "$(BUILT_PRODUCTS_DIR)/Treachery-iOS.app/$(BUNDLE_EXECUTABLE_FOLDER_PATH)/Treachery-iOS";
				XROS_DEPLOYMENT_TARGET = 2.0;
			};
			name = Release;
		};
		A3AA08152C90A6DF0093EF53 /* Debug */ = {
			isa = XCBuildConfiguration;
			buildSettings = {
				CODE_SIGN_STYLE = Automatic;
				CURRENT_PROJECT_VERSION = 1;
				DEVELOPMENT_TEAM = 6TK8Q4KD6G;
				GENERATE_INFOPLIST_FILE = YES;
				IPHONEOS_DEPLOYMENT_TARGET = 18.0;
				MACOSX_DEPLOYMENT_TARGET = 15.0;
				MARKETING_VERSION = 1.0;
				PRODUCT_BUNDLE_IDENTIFIER = "PaintedLabs.Treachery-iOSUITests";
				PRODUCT_NAME = "$(TARGET_NAME)";
				SDKROOT = auto;
				SUPPORTED_PLATFORMS = "iphoneos iphonesimulator macosx xros xrsimulator";
				SWIFT_EMIT_LOC_STRINGS = NO;
				SWIFT_VERSION = 5.0;
				TARGETED_DEVICE_FAMILY = "1,2,7";
				TEST_TARGET_NAME = "Treachery-iOS";
				XROS_DEPLOYMENT_TARGET = 2.0;
			};
			name = Debug;
		};
		A3AA08162C90A6DF0093EF53 /* Release */ = {
			isa = XCBuildConfiguration;
			buildSettings = {
				CODE_SIGN_STYLE = Automatic;
				CURRENT_PROJECT_VERSION = 1;
				DEVELOPMENT_TEAM = 6TK8Q4KD6G;
				GENERATE_INFOPLIST_FILE = YES;
				IPHONEOS_DEPLOYMENT_TARGET = 18.0;
				MACOSX_DEPLOYMENT_TARGET = 15.0;
				MARKETING_VERSION = 1.0;
				PRODUCT_BUNDLE_IDENTIFIER = "PaintedLabs.Treachery-iOSUITests";
				PRODUCT_NAME = "$(TARGET_NAME)";
				SDKROOT = auto;
				SUPPORTED_PLATFORMS = "iphoneos iphonesimulator macosx xros xrsimulator";
				SWIFT_EMIT_LOC_STRINGS = NO;
				SWIFT_VERSION = 5.0;
				TARGETED_DEVICE_FAMILY = "1,2,7";
				TEST_TARGET_NAME = "Treachery-iOS";
				XROS_DEPLOYMENT_TARGET = 2.0;
			};
			name = Release;
		};
/* End XCBuildConfiguration section */

/* Begin XCConfigurationList section */
		A3AA07E22C90A6DD0093EF53 /* Build configuration list for PBXProject "Treachery-iOS" */ = {
			isa = XCConfigurationList;
			buildConfigurations = (
				A3AA080C2C90A6DF0093EF53 /* Debug */,
				A3AA080D2C90A6DF0093EF53 /* Release */,
			);
			defaultConfigurationIsVisible = 0;
			defaultConfigurationName = Release;
		};
		A3AA080E2C90A6DF0093EF53 /* Build configuration list for PBXNativeTarget "Treachery-iOS" */ = {
			isa = XCConfigurationList;
			buildConfigurations = (
				A3AA080F2C90A6DF0093EF53 /* Debug */,
				A3AA08102C90A6DF0093EF53 /* Release */,
			);
			defaultConfigurationIsVisible = 0;
			defaultConfigurationName = Release;
		};
		A3AA08112C90A6DF0093EF53 /* Build configuration list for PBXNativeTarget "Treachery-iOSTests" */ = {
			isa = XCConfigurationList;
			buildConfigurations = (
				A3AA08122C90A6DF0093EF53 /* Debug */,
				A3AA08132C90A6DF0093EF53 /* Release */,
			);
			defaultConfigurationIsVisible = 0;
			defaultConfigurationName = Release;
		};
		A3AA08142C90A6DF0093EF53 /* Build configuration list for PBXNativeTarget "Treachery-iOSUITests" */ = {
			isa = XCConfigurationList;
			buildConfigurations = (
				A3AA08152C90A6DF0093EF53 /* Debug */,
				A3AA08162C90A6DF0093EF53 /* Release */,
			);
			defaultConfigurationIsVisible = 0;
			defaultConfigurationName = Release;
		};
/* End XCConfigurationList section */

/* Begin XCRemoteSwiftPackageReference section */
		A3AA08192C90A9300093EF53 /* XCRemoteSwiftPackageReference "firebase-ios-sdk" */ = {
			isa = XCRemoteSwiftPackageReference;
			repositoryURL = "https://github.com/firebase/firebase-ios-sdk";
			requirement = {
				kind = upToNextMajorVersion;
				minimumVersion = 11.2.0;
			};
		};
/* End XCRemoteSwiftPackageReference section */

/* Begin XCSwiftPackageProductDependency section */
		A3AA08212C90AB5B0093EF53 /* FirebaseAnalytics */ = {
			isa = XCSwiftPackageProductDependency;
			package = A3AA08192C90A9300093EF53 /* XCRemoteSwiftPackageReference "firebase-ios-sdk" */;
			productName = FirebaseAnalytics;
		};
		A3AA08232C90AB5B0093EF53 /* FirebaseAuth */ = {
			isa = XCSwiftPackageProductDependency;
			package = A3AA08192C90A9300093EF53 /* XCRemoteSwiftPackageReference "firebase-ios-sdk" */;
			productName = FirebaseAuth;
		};
		A3AA08252C90AB5B0093EF53 /* FirebaseCrashlytics */ = {
			isa = XCSwiftPackageProductDependency;
			package = A3AA08192C90A9300093EF53 /* XCRemoteSwiftPackageReference "firebase-ios-sdk" */;
			productName = FirebaseCrashlytics;
		};
		A3AEF7A52F649FDD006719B7 /* FirebaseFirestore */ = {
			isa = XCSwiftPackageProductDependency;
			package = A3AA08192C90A9300093EF53 /* XCRemoteSwiftPackageReference "firebase-ios-sdk" */;
			productName = FirebaseFirestore;
		};
/* End XCSwiftPackageProductDependency section */
	};
	rootObject = A3AA07DF2C90A6DD0093EF53 /* Project object */;
}
